
Microsoft Visual Studio Solution File, Format Version 12.00
# Visual Studio 15
VisualStudioVersion = 15.0.28307.489
MinimumVisualStudioVersion = 10.0.40219.1
Project("{888888A0-9F3D-457C-B088-3A5042F75D52}") = "BasikProject", "BasikProject\BasikProject.pyproj", "{63B71CA1-879E-4E36-9691-6FF86A8A5E43}"
EndProject
Project("{888888A0-9F3D-457C-B088-3A5042F75D52}") = "DjangoWeb", "DjangoWeb\DjangoWeb.pyproj", "{51B246EC-A099-453E-B6B9-C9124D092501}"
EndProject
Global
	GlobalSection(SolutionConfigurationPlatforms) = preSolution
		Debug|Any CPU = Debug|Any CPU
		Release|Any CPU = Release|Any CPU
	EndGlobalSection
	GlobalSection(ProjectConfigurationPlatforms) = postSolution
		{63B71CA1-879E-4E36-9691-6FF86A8A5E43}.Debug|Any CPU.ActiveCfg = Debug|Any CPU
		{63B71CA1-879E-4E36-9691-6FF86A8A5E43}.Debug|Any CPU.Build.0 = Debug|Any CPU
		{63B71CA1-879E-4E36-9691-6FF86A8A5E43}.Release|Any CPU.ActiveCfg = Release|Any CPU
		{63B71CA1-879E-4E36-9691-6FF86A8A5E43}.Release|Any CPU.Build.0 = Release|Any CPU
		{51B246EC-A099-453E-B6B9-C9124D092501}.Debug|Any CPU.ActiveCfg = Debug|Any CPU
		{51B246EC-A099-453E-B6B9-C9124D092501}.Debug|Any CPU.Build.0 = Debug|Any CPU
		{51B246EC-A099-453E-B6B9-C9124D092501}.Release|Any CPU.ActiveCfg = Release|Any CPU
		{51B246EC-A099-453E-B6B9-C9124D092501}.Release|Any CPU.Build.0 = Release|Any CPU
	EndGlobalSection
	GlobalSection(SolutionProperties) = preSolution
		HideSolutionNode = FALSE
	EndGlobalSection
	GlobalSection(ExtensibilityGlobals) = postSolution
		SolutionGuid = {CDE359C7-957A-40F7-B688-E8058CF63EA9}
	EndGlobalSection
EndGlobal
